
Microsoft Visual Studio Solution File, Format Version 12.00
# Visual Studio Version 16
VisualStudioVersion = 16.0.31019.35
MinimumVisualStudioVersion = 10.0.40219.1
Project("{FAE04EC0-301F-11D3-BF4B-00C04F79EFBC}") = "WebAppReact", "WebAppReact\WebAppReact.csproj", "{CDDDD277-DC67-46AF-A7FA-B0E380D811B7}"
EndProject
Project("{FAE04EC0-301F-11D3-BF4B-00C04F79EFBC}") = "FunctionDep", "FunctionDep\FunctionDep.csproj", "{FC732D3A-42EC-45E5-9BAD-EC87A9E99238}"
EndProject
Global
	GlobalSection(SolutionConfigurationPlatforms) = preSolution
		Debug|Any CPU = Debug|Any CPU
		Release|Any CPU = Release|Any CPU
	EndGlobalSection
	GlobalSection(ProjectConfigurationPlatforms) = postSolution
		{CDDDD277-DC67-46AF-A7FA-B0E380D811B7}.Debug|Any CPU.ActiveCfg = Debug|Any CPU
		{CDDDD277-DC67-46AF-A7FA-B0E380D811B7}.Debug|Any CPU.Build.0 = Debug|Any CPU
		{CDDDD277-DC67-46AF-A7FA-B0E380D811B7}.Release|Any CPU.ActiveCfg = Release|Any CPU
		{CDDDD277-DC67-46AF-A7FA-B0E380D811B7}.Release|Any CPU.Build.0 = Release|Any CPU
		{FC732D3A-42EC-45E5-9BAD-EC87A9E99238}.Debug|Any CPU.ActiveCfg = Debug|Any CPU
		{FC732D3A-42EC-45E5-9BAD-EC87A9E99238}.Debug|Any CPU.Build.0 = Debug|Any CPU
		{FC732D3A-42EC-45E5-9BAD-EC87A9E99238}.Release|Any CPU.ActiveCfg = Release|Any CPU
		{FC732D3A-42EC-45E5-9BAD-EC87A9E99238}.Release|Any CPU.Build.0 = Release|Any CPU
	EndGlobalSection
	GlobalSection(SolutionProperties) = preSolution
		HideSolutionNode = FALSE
	EndGlobalSection
	GlobalSection(ExtensibilityGlobals) = postSolution
		SolutionGuid = {8B07A671-3F26-4D40-8A48-E60EB8B8D4E1}
	EndGlobalSection
EndGlobal
